
Microsoft Visual Studio Solution File, Format Version 12.00
# Visual Studio Version 16
VisualStudioVersion = 16.0.32407.337
MinimumVisualStudioVersion = 10.0.40219.1
Project("{9092AA53-FB77-4645-B42D-1CCCA6BD08BD}") = "RunEscape_BaseZero", "RunEscape_BaseZero\RunEscape_BaseZero.njsproj", "{6138523C-81FC-4D13-AE2A-27674C091809}"
EndProject
Global
	GlobalSection(SolutionConfigurationPlatforms) = preSolution
		Debug|Any CPU = Debug|Any CPU
		Release|Any CPU = Release|Any CPU
	EndGlobalSection
	GlobalSection(ProjectConfigurationPlatforms) = postSolution
		{6138523C-81FC-4D13-AE2A-27674C091809}.Debug|Any CPU.ActiveCfg = Debug|Any CPU
		{6138523C-81FC-4D13-AE2A-27674C091809}.Debug|Any CPU.Build.0 = Debug|Any CPU
		{6138523C-81FC-4D13-AE2A-27674C091809}.Release|Any CPU.ActiveCfg = Release|Any CPU
		{6138523C-81FC-4D13-AE2A-27674C091809}.Release|Any CPU.Build.0 = Release|Any CPU
	EndGlobalSection
	GlobalSection(SolutionProperties) = preSolution
		HideSolutionNode = FALSE
	EndGlobalSection
	GlobalSection(ExtensibilityGlobals) = postSolution
		SolutionGuid = {4D105F10-7DDF-4F3D-A3E3-F3DAF145E9F5}
	EndGlobalSection
EndGlobal
